
Microsoft Visual Studio Solution File, Format Version 12.00
# Visual Studio Version 16
VisualStudioVersion = 16.0.30804.86
MinimumVisualStudioVersion = 10.0.40219.1
Project("{FAE04EC0-301F-11D3-BF4B-00C04F79EFBC}") = "BitcoinPrice.Web", "BitcoinPrice.Web\BitcoinPrice.Web.csproj", "{DE48A0A4-368E-48FD-A6C7-6D6F710B2FD5}"
EndProject
Global
	GlobalSection(SolutionConfigurationPlatforms) = preSolution
		Debug|Any CPU = Debug|Any CPU
		Release|Any CPU = Release|Any CPU
	EndGlobalSection
	GlobalSection(ProjectConfigurationPlatforms) = postSolution
		{DE48A0A4-368E-48FD-A6C7-6D6F710B2FD5}.Debug|Any CPU.ActiveCfg = Debug|Any CPU
		{DE48A0A4-368E-48FD-A6C7-6D6F710B2FD5}.Debug|Any CPU.Build.0 = Debug|Any CPU
		{DE48A0A4-368E-48FD-A6C7-6D6F710B2FD5}.Release|Any CPU.ActiveCfg = Release|Any CPU
		{DE48A0A4-368E-48FD-A6C7-6D6F710B2FD5}.Release|Any CPU.Build.0 = Release|Any CPU
	EndGlobalSection
	GlobalSection(SolutionProperties) = preSolution
		HideSolutionNode = FALSE
	EndGlobalSection
	GlobalSection(ExtensibilityGlobals) = postSolution
		SolutionGuid = {284809ED-C878-4569-854B-D43CB5F47DAA}
	EndGlobalSection
EndGlobal
